// !$*UTF8*$!
{
	archiveVersion = 1;
	classes = {
	};
	objectVersion = 46;
	objects = {

/* Begin PBXBuildFile section */
		78203E431F39B1CA00221E4C /* CollectionNomalCell.swift in Sources */ = {isa = PBXBuildFile; fileRef = 78203E411F39B1CA00221E4C /* CollectionNomalCell.swift */; };
		78203E441F39B1CA00221E4C /* CollectionNomalCell.xib in Resources */ = {isa = PBXBuildFile; fileRef = 78203E421F39B1CA00221E4C /* CollectionNomalCell.xib */; };
		783D255A1F332A90001ABFF9 /* AppDelegate.swift in Sources */ = {isa = PBXBuildFile; fileRef = 783D25591F332A90001ABFF9 /* AppDelegate.swift */; };
		783D255F1F332A90001ABFF9 /* Main.storyboard in Resources */ = {isa = PBXBuildFile; fileRef = 783D255D1F332A90001ABFF9 /* Main.storyboard */; };
		783D25611F332A90001ABFF9 /* Assets.xcassets in Resources */ = {isa = PBXBuildFile; fileRef = 783D25601F332A90001ABFF9 /* Assets.xcassets */; };
		783D25641F332A90001ABFF9 /* LaunchScreen.storyboard in Resources */ = {isa = PBXBuildFile; fileRef = 783D25621F332A90001ABFF9 /* LaunchScreen.storyboard */; };
		783D256C1F3403B8001ABFF9 /* Home.storyboard in Resources */ = {isa = PBXBuildFile; fileRef = 783D256B1F3403B8001ABFF9 /* Home.storyboard */; };
		783D256F1F34043E001ABFF9 /* Live.storyboard in Resources */ = {isa = PBXBuildFile; fileRef = 783D256D1F34043E001ABFF9 /* Live.storyboard */; };
		783D25711F340462001ABFF9 /* Follow.storyboard in Resources */ = {isa = PBXBuildFile; fileRef = 783D25701F340462001ABFF9 /* Follow.storyboard */; };
		783D25741F340486001ABFF9 /* ProFile.storyboard in Resources */ = {isa = PBXBuildFile; fileRef = 783D25721F340486001ABFF9 /* ProFile.storyboard */; };
		783D257B1F341546001ABFF9 /* HomeViewController.swift in Sources */ = {isa = PBXBuildFile; fileRef = 783D257A1F341546001ABFF9 /* HomeViewController.swift */; };
		783D257D1F3415AB001ABFF9 /* ViewController.swift in Sources */ = {isa = PBXBuildFile; fileRef = 783D257C1F3415AB001ABFF9 /* ViewController.swift */; };
		783D25801F3425BF001ABFF9 /* UIBarButtonItem.swift in Sources */ = {isa = PBXBuildFile; fileRef = 783D257F1F3425BF001ABFF9 /* UIBarButtonItem.swift */; };
		783D25831F344F8A001ABFF9 /* PageTitleView.swift in Sources */ = {isa = PBXBuildFile; fileRef = 783D25821F344F8A001ABFF9 /* PageTitleView.swift */; };
		783D25851F3453D3001ABFF9 /* Common.swift in Sources */ = {isa = PBXBuildFile; fileRef = 783D25841F3453D3001ABFF9 /* Common.swift */; };
		7849DC9E1F37FB26008E7D75 /* PageContentView.swift in Sources */ = {isa = PBXBuildFile; fileRef = 7849DC9D1F37FB26008E7D75 /* PageContentView.swift */; };
		7849DCA01F380BA3008E7D75 /* UIColor.swift in Sources */ = {isa = PBXBuildFile; fileRef = 7849DC9F1F380BA3008E7D75 /* UIColor.swift */; };
		78683EBB1F3957F70098A8B8 /* RecommendViewController.swift in Sources */ = {isa = PBXBuildFile; fileRef = 78683EBA1F3957F70098A8B8 /* RecommendViewController.swift */; };
		78683EBE1F396A020098A8B8 /* CollectionHeaderView.swift in Sources */ = {isa = PBXBuildFile; fileRef = 78683EBC1F396A020098A8B8 /* CollectionHeaderView.swift */; };
		78683EBF1F396A020098A8B8 /* CollectionHeaderView.xib in Resources */ = {isa = PBXBuildFile; fileRef = 78683EBD1F396A020098A8B8 /* CollectionHeaderView.xib */; };
/* End PBXBuildFile section */

/* Begin PBXFileReference section */
		78203E411F39B1CA00221E4C /* CollectionNomalCell.swift */ = {isa = PBXFileReference; fileEncoding = 4; lastKnownFileType = sourcecode.swift; path = CollectionNomalCell.swift; sourceTree = "<group>"; };
		78203E421F39B1CA00221E4C /* CollectionNomalCell.xib */ = {isa = PBXFileReference; fileEncoding = 4; lastKnownFileType = file.xib; path = CollectionNomalCell.xib; sourceTree = "<group>"; };
		783D25561F332A90001ABFF9 /* DYTV.app */ = {isa = PBXFileReference; explicitFileType = wrapper.application; includeInIndex = 0; path = DYTV.app; sourceTree = BUILT_PRODUCTS_DIR; };
		783D25591F332A90001ABFF9 /* AppDelegate.swift */ = {isa = PBXFileReference; lastKnownFileType = sourcecode.swift; path = AppDelegate.swift; sourceTree = "<group>"; };
		783D255E1F332A90001ABFF9 /* Base */ = {isa = PBXFileReference; lastKnownFileType = file.storyboard; name = Base; path = Base.lproj/Main.storyboard; sourceTree = "<group>"; };
		783D25601F332A90001ABFF9 /* Assets.xcassets */ = {isa = PBXFileReference; lastKnownFileType = folder.assetcatalog; path = Assets.xcassets; sourceTree = "<group>"; };
		783D25631F332A90001ABFF9 /* Base */ = {isa = PBXFileReference; lastKnownFileType = file.storyboard; name = Base; path = Base.lproj/LaunchScreen.storyboard; sourceTree = "<group>"; };
		783D25651F332A90001ABFF9 /* Info.plist */ = {isa = PBXFileReference; lastKnownFileType = text.plist.xml; path = Info.plist; sourceTree = "<group>"; };
		783D256B1F3403B8001ABFF9 /* Home.storyboard */ = {isa = PBXFileReference; fileEncoding = 4; lastKnownFileType = file.storyboard; path = Home.storyboard; sourceTree = "<group>"; };
		783D256E1F34043E001ABFF9 /* Base */ = {isa = PBXFileReference; lastKnownFileType = file.storyboard; name = Base; path = Base.lproj/Live.storyboard; sourceTree = "<group>"; };
		783D25701F340462001ABFF9 /* Follow.storyboard */ = {isa = PBXFileReference; fileEncoding = 4; lastKnownFileType = file.storyboard; path = Follow.storyboard; sourceTree = "<group>"; };
		783D25731F340486001ABFF9 /* Base */ = {isa = PBXFileReference; lastKnownFileType = file.storyboard; name = Base; path = Base.lproj/ProFile.storyboard; sourceTree = "<group>"; };
		783D257A1F341546001ABFF9 /* HomeViewController.swift */ = {isa = PBXFileReference; fileEncoding = 4; lastKnownFileType = sourcecode.swift; path = HomeViewController.swift; sourceTree = "<group>"; };
		783D257C1F3415AB001ABFF9 /* ViewController.swift */ = {isa = PBXFileReference; fileEncoding = 4; lastKnownFileType = sourcecode.swift; path = ViewController.swift; sourceTree = "<group>"; };
		783D257F1F3425BF001ABFF9 /* UIBarButtonItem.swift */ = {isa = PBXFileReference; fileEncoding = 4; lastKnownFileType = sourcecode.swift; path = UIBarButtonItem.swift; sourceTree = "<group>"; };
		783D25821F344F8A001ABFF9 /* PageTitleView.swift */ = {isa = PBXFileReference; fileEncoding = 4; lastKnownFileType = sourcecode.swift; path = PageTitleView.swift; sourceTree = "<group>"; };
		783D25841F3453D3001ABFF9 /* Common.swift */ = {isa = PBXFileReference; fileEncoding = 4; lastKnownFileType = sourcecode.swift; path = Common.swift; sourceTree = "<group>"; };
		7849DC9D1F37FB26008E7D75 /* PageContentView.swift */ = {isa = PBXFileReference; fileEncoding = 4; lastKnownFileType = sourcecode.swift; path = PageContentView.swift; sourceTree = "<group>"; };
		7849DC9F1F380BA3008E7D75 /* UIColor.swift */ = {isa = PBXFileReference; fileEncoding = 4; lastKnownFileType = sourcecode.swift; path = UIColor.swift; sourceTree = "<group>"; };
		78683EBA1F3957F70098A8B8 /* RecommendViewController.swift */ = {isa = PBXFileReference; fileEncoding = 4; lastKnownFileType = sourcecode.swift; path = RecommendViewController.swift; sourceTree = "<group>"; };
		78683EBC1F396A020098A8B8 /* CollectionHeaderView.swift */ = {isa = PBXFileReference; fileEncoding = 4; lastKnownFileType = sourcecode.swift; path = CollectionHeaderView.swift; sourceTree = "<group>"; };
		78683EBD1F396A020098A8B8 /* CollectionHeaderView.xib */ = {isa = PBXFileReference; fileEncoding = 4; lastKnownFileType = file.xib; path = CollectionHeaderView.xib; sourceTree = "<group>"; };
/* End PBXFileReference section */

/* Begin PBXFrameworksBuildPhase section */
		783D25531F332A90001ABFF9 /* Frameworks */ = {
			isa = PBXFrameworksBuildPhase;
			buildActionMask = 2147483647;
			files = (
			);
			runOnlyForDeploymentPostprocessing = 0;
		};
/* End PBXFrameworksBuildPhase section */

/* Begin PBXGroup section */
		78203E3F1F39B09500221E4C /* C */ = {
			isa = PBXGroup;
			children = (
				78683EBA1F3957F70098A8B8 /* RecommendViewController.swift */,
				783D257A1F341546001ABFF9 /* HomeViewController.swift */,
			);
			name = C;
			sourceTree = "<group>";
		};
		78203E401F39B0CB00221E4C /* V */ = {
			isa = PBXGroup;
			children = (
				78683EBC1F396A020098A8B8 /* CollectionHeaderView.swift */,
				78683EBD1F396A020098A8B8 /* CollectionHeaderView.xib */,
				78203E411F39B1CA00221E4C /* CollectionNomalCell.swift */,
				78203E421F39B1CA00221E4C /* CollectionNomalCell.xib */,
			);
			name = V;
			sourceTree = "<group>";
		};
		783D254D1F332A90001ABFF9 = {
			isa = PBXGroup;
			children = (
				783D25581F332A90001ABFF9 /* DYTV */,
				783D25571F332A90001ABFF9 /* Products */,
			);
			sourceTree = "<group>";
		};
		783D25571F332A90001ABFF9 /* Products */ = {
			isa = PBXGroup;
			children = (
				783D25561F332A90001ABFF9 /* DYTV.app */,
			);
			name = Products;
			sourceTree = "<group>";
		};
		783D25581F332A90001ABFF9 /* DYTV */ = {
			isa = PBXGroup;
			children = (
				783D25591F332A90001ABFF9 /* AppDelegate.swift */,
				783D255D1F332A90001ABFF9 /* Main.storyboard */,
				7849DC9D1F37FB26008E7D75 /* PageContentView.swift */,
				783D257C1F3415AB001ABFF9 /* ViewController.swift */,
				78203E3F1F39B09500221E4C /* C */,
				78203E401F39B0CB00221E4C /* V */,
				783D257E1F34255E001ABFF9 /* Tools */,
				783D25751F3404A3001ABFF9 /* New Group */,
				783D25601F332A90001ABFF9 /* Assets.xcassets */,
				783D25621F332A90001ABFF9 /* LaunchScreen.storyboard */,
				783D25651F332A90001ABFF9 /* Info.plist */,
			);
			path = DYTV;
			sourceTree = "<group>";
		};
		783D25751F3404A3001ABFF9 /* New Group */ = {
			isa = PBXGroup;
			children = (
				783D25721F340486001ABFF9 /* ProFile.storyboard */,
				783D25701F340462001ABFF9 /* Follow.storyboard */,
				783D256D1F34043E001ABFF9 /* Live.storyboard */,
				783D256B1F3403B8001ABFF9 /* Home.storyboard */,
			);
			name = "New Group";
			sourceTree = "<group>";
		};
		783D257E1F34255E001ABFF9 /* Tools */ = {
			isa = PBXGroup;
			children = (
				783D257F1F3425BF001ABFF9 /* UIBarButtonItem.swift */,
				7849DC9F1F380BA3008E7D75 /* UIColor.swift */,
				783D25841F3453D3001ABFF9 /* Common.swift */,
				783D25821F344F8A001ABFF9 /* PageTitleView.swift */,
			);
			name = Tools;
			sourceTree = "<group>";
		};
/* End PBXGroup section */

/* Begin PBXNativeTarget section */
		783D25551F332A90001ABFF9 /* DYTV */ = {
			isa = PBXNativeTarget;
			buildConfigurationList = 783D25681F332A90001ABFF9 /* Build configuration list for PBXNativeTarget "DYTV" */;
			buildPhases = (
				783D25521F332A90001ABFF9 /* Sources */,
				783D25531F332A90001ABFF9 /* Frameworks */,
				783D25541F332A90001ABFF9 /* Resources */,
			);
			buildRules = (
			);
			dependencies = (
			);
			name = DYTV;
			productName = DYTV;
			productReference = 783D25561F332A90001ABFF9 /* DYTV.app */;
			productType = "com.apple.product-type.application";
		};
/* End PBXNativeTarget section */

/* Begin PBXProject section */
		783D254E1F332A90001ABFF9 /* Project object */ = {
			isa = PBXProject;
			attributes = {
				LastSwiftUpdateCheck = 0830;
				LastUpgradeCheck = 0830;
				ORGANIZATIONNAME = idea;
				TargetAttributes = {
					783D25551F332A90001ABFF9 = {
						CreatedOnToolsVersion = 8.3.3;
						ProvisioningStyle = Automatic;
					};
				};
			};
			buildConfigurationList = 783D25511F332A90001ABFF9 /* Build configuration list for PBXProject "DYTV" */;
			compatibilityVersion = "Xcode 3.2";
			developmentRegion = English;
			hasScannedForEncodings = 0;
			knownRegions = (
				en,
				Base,
			);
			mainGroup = 783D254D1F332A90001ABFF9;
			productRefGroup = 783D25571F332A90001ABFF9 /* Products */;
			projectDirPath = "";
			projectRoot = "";
			targets = (
				783D25551F332A90001ABFF9 /* DYTV */,
			);
		};
/* End PBXProject section */

/* Begin PBXResourcesBuildPhase section */
		783D25541F332A90001ABFF9 /* Resources */ = {
			isa = PBXResourcesBuildPhase;
			buildActionMask = 2147483647;
			files = (
				78203E441F39B1CA00221E4C /* CollectionNomalCell.xib in Resources */,
				783D25641F332A90001ABFF9 /* LaunchScreen.storyboard in Resources */,
				78683EBF1F396A020098A8B8 /* CollectionHeaderView.xib in Resources */,
				783D25611F332A90001ABFF9 /* Assets.xcassets in Resources */,
				783D255F1F332A90001ABFF9 /* Main.storyboard in Resources */,
				783D256F1F34043E001ABFF9 /* Live.storyboard in Resources */,
				783D25741F340486001ABFF9 /* ProFile.storyboard in Resources */,
				783D256C1F3403B8001ABFF9 /* Home.storyboard in Resources */,
				783D25711F340462001ABFF9 /* Follow.storyboard in Resources */,
			);
			runOnlyForDeploymentPostprocessing = 0;
		};
/* End PBXResourcesBuildPhase section */

/* Begin PBXSourcesBuildPhase section */
		783D25521F332A90001ABFF9 /* Sources */ = {
			isa = PBXSourcesBuildPhase;
			buildActionMask = 2147483647;
			files = (
				783D25831F344F8A001ABFF9 /* PageTitleView.swift in Sources */,
				78683EBE1F396A020098A8B8 /* CollectionHeaderView.swift in Sources */,
				78203E431F39B1CA00221E4C /* CollectionNomalCell.swift in Sources */,
				783D25801F3425BF001ABFF9 /* UIBarButtonItem.swift in Sources */,
				78683EBB1F3957F70098A8B8 /* RecommendViewController.swift in Sources */,
				783D255A1F332A90001ABFF9 /* AppDelegate.swift in Sources */,
				7849DC9E1F37FB26008E7D75 /* PageContentView.swift in Sources */,
				783D257D1F3415AB001ABFF9 /* ViewController.swift in Sources */,
				7849DCA01F380BA3008E7D75 /* UIColor.swift in Sources */,
				783D257B1F341546001ABFF9 /* HomeViewController.swift in Sources */,
				783D25851F3453D3001ABFF9 /* Common.swift in Sources */,
			);
			runOnlyForDeploymentPostprocessing = 0;
		};
/* End PBXSourcesBuildPhase section */

/* Begin PBXVariantGroup section */
		783D255D1F332A90001ABFF9 /* Main.storyboard */ = {
			isa = PBXVariantGroup;
			children = (
				783D255E1F332A90001ABFF9 /* Base */,
			);
			name = Main.storyboard;
			sourceTree = "<group>";
		};
		783D25621F332A90001ABFF9 /* LaunchScreen.storyboard */ = {
			isa = PBXVariantGroup;
			children = (
				783D25631F332A90001ABFF9 /* Base */,
			);
			name = LaunchScreen.storyboard;
			sourceTree = "<group>";
		};
		783D256D1F34043E001ABFF9 /* Live.storyboard */ = {
			isa = PBXVariantGroup;
			children = (
				783D256E1F34043E001ABFF9 /* Base */,
			);
			name = Live.storyboard;
			sourceTree = "<group>";
		};
		783D25721F340486001ABFF9 /* ProFile.storyboard */ = {
			isa = PBXVariantGroup;
			children = (
				783D25731F340486001ABFF9 /* Base */,
			);
			name = ProFile.storyboard;
			sourceTree = "<group>";
		};
/* End PBXVariantGroup section */

/* Begin XCBuildConfiguration section */
		783D25661F332A90001ABFF9 /* Debug */ = {
			isa = XCBuildConfiguration;
			buildSettings = {
				ALWAYS_SEARCH_USER_PATHS = NO;
				CLANG_ANALYZER_NONNULL = YES;
				CLANG_ANALYZER_NUMBER_OBJECT_CONVERSION = YES_AGGRESSIVE;
				CLANG_CXX_LANGUAGE_STANDARD = "gnu++0x";
				CLANG_CXX_LIBRARY = "libc++";
				CLANG_ENABLE_MODULES = YES;
				CLANG_ENABLE_OBJC_ARC = YES;
				CLANG_WARN_BOOL_CONVERSION = YES;
				CLANG_WARN_CONSTANT_CONVERSION = YES;
				CLANG_WARN_DIRECT_OBJC_ISA_USAGE = YES_ERROR;
				CLANG_WARN_DOCUMENTATION_COMMENTS = YES;
				CLANG_WARN_EMPTY_BODY = YES;
				CLANG_WARN_ENUM_CONVERSION = YES;
				CLANG_WARN_INFINITE_RECURSION = YES;
				CLANG_WARN_INT_CONVERSION = YES;
				CLANG_WARN_OBJC_ROOT_CLASS = YES_ERROR;
				CLANG_WARN_SUSPICIOUS_MOVE = YES;
				CLANG_WARN_UNREACHABLE_CODE = YES;
				CLANG_WARN__DUPLICATE_METHOD_MATCH = YES;
				"CODE_SIGN_IDENTITY[sdk=iphoneos*]" = "iPhone Developer";
				COPY_PHASE_STRIP = NO;
				DEBUG_INFORMATION_FORMAT = dwarf;
				ENABLE_STRICT_OBJC_MSGSEND = YES;
				ENABLE_TESTABILITY = YES;
				GCC_C_LANGUAGE_STANDARD = gnu99;
				GCC_DYNAMIC_NO_PIC = NO;
				GCC_NO_COMMON_BLOCKS = YES;
				GCC_OPTIMIZATION_LEVEL = 0;
				GCC_PREPROCESSOR_DEFINITIONS = (
					"DEBUG=1",
					"$(inherited)",
				);
				GCC_WARN_64_TO_32_BIT_CONVERSION = YES;
				GCC_WARN_ABOUT_RETURN_TYPE = YES_ERROR;
				GCC_WARN_UNDECLARED_SELECTOR = YES;
				GCC_WARN_UNINITIALIZED_AUTOS = YES_AGGRESSIVE;
				GCC_WARN_UNUSED_FUNCTION = YES;
				GCC_WARN_UNUSED_VARIABLE = YES;
				IPHONEOS_DEPLOYMENT_TARGET = 10.3;
				MTL_ENABLE_DEBUG_INFO = YES;
				ONLY_ACTIVE_ARCH = YES;
				SDKROOT = iphoneos;
				SWIFT_ACTIVE_COMPILATION_CONDITIONS = DEBUG;
				SWIFT_OPTIMIZATION_LEVEL = "-Onone";
			};
			name = Debug;
		};
		783D25671F332A90001ABFF9 /* Release */ = {
			isa = XCBuildConfiguration;
			buildSettings = {
				ALWAYS_SEARCH_USER_PATHS = NO;
				CLANG_ANALYZER_NONNULL = YES;
				CLANG_ANALYZER_NUMBER_OBJECT_CONVERSION = YES_AGGRESSIVE;
				CLANG_CXX_LANGUAGE_STANDARD = "gnu++0x";
				CLANG_CXX_LIBRARY = "libc++";
				CLANG_ENABLE_MODULES = YES;
				CLANG_ENABLE_OBJC_ARC = YES;
				CLANG_WARN_BOOL_CONVERSION = YES;
				CLANG_WARN_CONSTANT_CONVERSION = YES;
				CLANG_WARN_DIRECT_OBJC_ISA_USAGE = YES_ERROR;
				CLANG_WARN_DOCUMENTATION_COMMENTS = YES;
				CLANG_WARN_EMPTY_BODY = YES;
				CLANG_WARN_ENUM_CONVERSION = YES;
				CLANG_WARN_INFINITE_RECURSION = YES;
				CLANG_WARN_INT_CONVERSION = YES;
				CLANG_WARN_OBJC_ROOT_CLASS = YES_ERROR;
				CLANG_WARN_SUSPICIOUS_MOVE = YES;
				CLANG_WARN_UNREACHABLE_CODE = YES;
				CLANG_WARN__DUPLICATE_METHOD_MATCH = YES;
				"CODE_SIGN_IDENTITY[sdk=iphoneos*]" = "iPhone Developer";
				COPY_PHASE_STRIP = NO;
				DEBUG_INFORMATION_FORMAT = "dwarf-with-dsym";
				ENABLE_NS_ASSERTIONS = NO;
				ENABLE_STRICT_OBJC_MSGSEND = YES;
				GCC_C_LANGUAGE_STANDARD = gnu99;
				GCC_NO_COMMON_BLOCKS = YES;
				GCC_WARN_64_TO_32_BIT_CONVERSION = YES;
				GCC_WARN_ABOUT_RETURN_TYPE = YES_ERROR;
				GCC_WARN_UNDECLARED_SELECTOR = YES;
				GCC_WARN_UNINITIALIZED_AUTOS = YES_AGGRESSIVE;
				GCC_WARN_UNUSED_FUNCTION = YES;
				GCC_WARN_UNUSED_VARIABLE = YES;
				IPHONEOS_DEPLOYMENT_TARGET = 10.3;
				MTL_ENABLE_DEBUG_INFO = NO;
				SDKROOT = iphoneos;
				SWIFT_OPTIMIZATION_LEVEL = "-Owholemodule";
				VALIDATE_PRODUCT = YES;
			};
			name = Release;
		};
		783D25691F332A90001ABFF9 /* Debug */ = {
			isa = XCBuildConfiguration;
			buildSettings = {
				ASSETCATALOG_COMPILER_APPICON_NAME = AppIcon;
				ASSETCATALOG_COMPILER_LAUNCHIMAGE_NAME = LaunchImage;
				INFOPLIST_FILE = DYTV/Info.plist;
				LD_RUNPATH_SEARCH_PATHS = "$(inherited) @executable_path/Frameworks";
				PRODUCT_BUNDLE_IDENTIFIER = com.day.DYTV;
				PRODUCT_NAME = "$(TARGET_NAME)";
				SWIFT_VERSION = 3.0;
			};
			name = Debug;
		};
		783D256A1F332A90001ABFF9 /* Release */ = {
			isa = XCBuildConfiguration;
			buildSettings = {
				ASSETCATALOG_COMPILER_APPICON_NAME = AppIcon;
				ASSETCATALOG_COMPILER_LAUNCHIMAGE_NAME = LaunchImage;
				INFOPLIST_FILE = DYTV/Info.plist;
				LD_RUNPATH_SEARCH_PATHS = "$(inherited) @executable_path/Frameworks";
				PRODUCT_BUNDLE_IDENTIFIER = com.day.DYTV;
				PRODUCT_NAME = "$(TARGET_NAME)";
				SWIFT_VERSION = 3.0;
			};
			name = Release;
		};
/* End XCBuildConfiguration section */

/* Begin XCConfigurationList section */
		783D25511F332A90001ABFF9 /* Build configuration list for PBXProject "DYTV" */ = {
			isa = XCConfigurationList;
			buildConfigurations = (
				783D25661F332A90001ABFF9 /* Debug */,
				783D25671F332A90001ABFF9 /* Release */,
			);
			defaultConfigurationIsVisible = 0;
			defaultConfigurationName = Release;
		};
		783D25681F332A90001ABFF9 /* Build configuration list for PBXNativeTarget "DYTV" */ = {
			isa = XCConfigurationList;
			buildConfigurations = (
				783D25691F332A90001ABFF9 /* Debug */,
				783D256A1F332A90001ABFF9 /* Release */,
			);
			defaultConfigurationIsVisible = 0;
			defaultConfigurationName = Release;
		};
/* End XCConfigurationList section */
	};
	rootObject = 783D254E1F332A90001ABFF9 /* Project object */;
}
