// !$*UTF8*$!
{
	archiveVersion = 1;
	classes = {
	};
	objectVersion = 46;
	objects = {

/* Begin PBXBuildFile section */
		575B1A2AA092884CED480691 /* Pods_DYTV.framework in Frameworks */ = {isa = PBXBuildFile; fileRef = 8F69B01D21D52D9746FC81C1 /* Pods_DYTV.framework */; };
		781152B61F3EA0DC00771076 /* CollectionGameCell.swift in Sources */ = {isa = PBXBuildFile; fileRef = 781152B41F3EA0DC00771076 /* CollectionGameCell.swift */; };
		781152B71F3EA0DC00771076 /* CollectionGameCell.xib in Resources */ = {isa = PBXBuildFile; fileRef = 781152B51F3EA0DC00771076 /* CollectionGameCell.xib */; };
		781152B91F3EE8E700771076 /* GameViewController.swift in Sources */ = {isa = PBXBuildFile; fileRef = 781152B81F3EE8E700771076 /* GameViewController.swift */; };
		781152BB1F3EF8DE00771076 /* GameViewModel.swift in Sources */ = {isa = PBXBuildFile; fileRef = 781152BA1F3EF8DE00771076 /* GameViewModel.swift */; };
		781152BD1F3EFD2100771076 /* GameModel.swift in Sources */ = {isa = PBXBuildFile; fileRef = 781152BC1F3EFD2100771076 /* GameModel.swift */; };
		781152BF1F3F00DC00771076 /* BaseGameModel.swift in Sources */ = {isa = PBXBuildFile; fileRef = 781152BE1F3F00DC00771076 /* BaseGameModel.swift */; };
		78203E431F39B1CA00221E4C /* CollectionNomalCell.swift in Sources */ = {isa = PBXBuildFile; fileRef = 78203E411F39B1CA00221E4C /* CollectionNomalCell.swift */; };
		78203E441F39B1CA00221E4C /* CollectionNomalCell.xib in Resources */ = {isa = PBXBuildFile; fileRef = 78203E421F39B1CA00221E4C /* CollectionNomalCell.xib */; };
		783D255A1F332A90001ABFF9 /* AppDelegate.swift in Sources */ = {isa = PBXBuildFile; fileRef = 783D25591F332A90001ABFF9 /* AppDelegate.swift */; };
		783D255F1F332A90001ABFF9 /* Main.storyboard in Resources */ = {isa = PBXBuildFile; fileRef = 783D255D1F332A90001ABFF9 /* Main.storyboard */; };
		783D25611F332A90001ABFF9 /* Assets.xcassets in Resources */ = {isa = PBXBuildFile; fileRef = 783D25601F332A90001ABFF9 /* Assets.xcassets */; };
		783D25641F332A90001ABFF9 /* LaunchScreen.storyboard in Resources */ = {isa = PBXBuildFile; fileRef = 783D25621F332A90001ABFF9 /* LaunchScreen.storyboard */; };
		783D256C1F3403B8001ABFF9 /* Home.storyboard in Resources */ = {isa = PBXBuildFile; fileRef = 783D256B1F3403B8001ABFF9 /* Home.storyboard */; };
		783D256F1F34043E001ABFF9 /* Live.storyboard in Resources */ = {isa = PBXBuildFile; fileRef = 783D256D1F34043E001ABFF9 /* Live.storyboard */; };
		783D25711F340462001ABFF9 /* Follow.storyboard in Resources */ = {isa = PBXBuildFile; fileRef = 783D25701F340462001ABFF9 /* Follow.storyboard */; };
		783D25741F340486001ABFF9 /* ProFile.storyboard in Resources */ = {isa = PBXBuildFile; fileRef = 783D25721F340486001ABFF9 /* ProFile.storyboard */; };
		783D257B1F341546001ABFF9 /* HomeViewController.swift in Sources */ = {isa = PBXBuildFile; fileRef = 783D257A1F341546001ABFF9 /* HomeViewController.swift */; };
		783D257D1F3415AB001ABFF9 /* ViewController.swift in Sources */ = {isa = PBXBuildFile; fileRef = 783D257C1F3415AB001ABFF9 /* ViewController.swift */; };
		783D25801F3425BF001ABFF9 /* UIBarButtonItem.swift in Sources */ = {isa = PBXBuildFile; fileRef = 783D257F1F3425BF001ABFF9 /* UIBarButtonItem.swift */; };
		783D25831F344F8A001ABFF9 /* PageTitleView.swift in Sources */ = {isa = PBXBuildFile; fileRef = 783D25821F344F8A001ABFF9 /* PageTitleView.swift */; };
		783D25851F3453D3001ABFF9 /* Common.swift in Sources */ = {isa = PBXBuildFile; fileRef = 783D25841F3453D3001ABFF9 /* Common.swift */; };
		78491D741F4D13BD00953E82 /* BaseViewController.swift in Sources */ = {isa = PBXBuildFile; fileRef = 78491D731F4D13BD00953E82 /* BaseViewController.swift */; };
		7849DC9E1F37FB26008E7D75 /* PageContentView.swift in Sources */ = {isa = PBXBuildFile; fileRef = 7849DC9D1F37FB26008E7D75 /* PageContentView.swift */; };
		7849DCA01F380BA3008E7D75 /* UIColor.swift in Sources */ = {isa = PBXBuildFile; fileRef = 7849DC9F1F380BA3008E7D75 /* UIColor.swift */; };
		7850317D1F42DCE3002CDF2B /* AmuseViewController.swift in Sources */ = {isa = PBXBuildFile; fileRef = 7850317C1F42DCE3002CDF2B /* AmuseViewController.swift */; };
		7850317F1F42F1BA002CDF2B /* AmuseViewModel.swift in Sources */ = {isa = PBXBuildFile; fileRef = 7850317E1F42F1BA002CDF2B /* AmuseViewModel.swift */; };
		785031811F43F2A2002CDF2B /* BaseViewModel.swift in Sources */ = {isa = PBXBuildFile; fileRef = 785031801F43F2A2002CDF2B /* BaseViewModel.swift */; };
		785031831F442025002CDF2B /* BaseAnchorViewController.swift in Sources */ = {isa = PBXBuildFile; fileRef = 785031821F442025002CDF2B /* BaseAnchorViewController.swift */; };
		78510E571F3D39C800F93376 /* RecommendCycleView.xib in Resources */ = {isa = PBXBuildFile; fileRef = 78510E561F3D39C800F93376 /* RecommendCycleView.xib */; };
		78510E591F3D861F00F93376 /* CycleModel.swift in Sources */ = {isa = PBXBuildFile; fileRef = 78510E581F3D861F00F93376 /* CycleModel.swift */; };
		78510E5C1F3D8E2D00F93376 /* CollectionCycleCell.swift in Sources */ = {isa = PBXBuildFile; fileRef = 78510E5A1F3D8E2D00F93376 /* CollectionCycleCell.swift */; };
		78510E5D1F3D8E2D00F93376 /* CollectionCycleCell.xib in Resources */ = {isa = PBXBuildFile; fileRef = 78510E5B1F3D8E2D00F93376 /* CollectionCycleCell.xib */; };
		78510E5F1F3DB2BB00F93376 /* RecommendGameView.swift in Sources */ = {isa = PBXBuildFile; fileRef = 78510E5E1F3DB2BB00F93376 /* RecommendGameView.swift */; };
		78510E611F3DB32000F93376 /* RecommendGameView.xib in Resources */ = {isa = PBXBuildFile; fileRef = 78510E601F3DB32000F93376 /* RecommendGameView.xib */; };
		786405B41F3A952000A1DFC3 /* CollectionPrettyCell.swift in Sources */ = {isa = PBXBuildFile; fileRef = 786405B21F3A952000A1DFC3 /* CollectionPrettyCell.swift */; };
		786405B51F3A952000A1DFC3 /* CollectionPrettyCell.xib in Resources */ = {isa = PBXBuildFile; fileRef = 786405B31F3A952000A1DFC3 /* CollectionPrettyCell.xib */; };
		786405D71F3AE36500A1DFC3 /* NetworkTools.swift in Sources */ = {isa = PBXBuildFile; fileRef = 786405D61F3AE36500A1DFC3 /* NetworkTools.swift */; };
		786405D91F3AE7E900A1DFC3 /* RecommendViewModel.swift in Sources */ = {isa = PBXBuildFile; fileRef = 786405D81F3AE7E900A1DFC3 /* RecommendViewModel.swift */; };
		786405DC1F3AF87D00A1DFC3 /* NSDate-Extension.swift in Sources */ = {isa = PBXBuildFile; fileRef = 786405DB1F3AF87D00A1DFC3 /* NSDate-Extension.swift */; };
		786405DE1F3B012E00A1DFC3 /* AnchorGroup.swift in Sources */ = {isa = PBXBuildFile; fileRef = 786405DD1F3B012E00A1DFC3 /* AnchorGroup.swift */; };
		786405E11F3B046D00A1DFC3 /* AnchorModel.swift in Sources */ = {isa = PBXBuildFile; fileRef = 786405E01F3B046D00A1DFC3 /* AnchorModel.swift */; };
		78683EBB1F3957F70098A8B8 /* RecommendViewController.swift in Sources */ = {isa = PBXBuildFile; fileRef = 78683EBA1F3957F70098A8B8 /* RecommendViewController.swift */; };
		78683EBE1F396A020098A8B8 /* CollectionHeaderView.swift in Sources */ = {isa = PBXBuildFile; fileRef = 78683EBC1F396A020098A8B8 /* CollectionHeaderView.swift */; };
		78683EBF1F396A020098A8B8 /* CollectionHeaderView.xib in Resources */ = {isa = PBXBuildFile; fileRef = 78683EBD1F396A020098A8B8 /* CollectionHeaderView.xib */; };
		786F0CD01F4BD38D006F936C /* AmuseMenuView.swift in Sources */ = {isa = PBXBuildFile; fileRef = 786F0CCF1F4BD38D006F936C /* AmuseMenuView.swift */; };
		786F0CD21F4BD3C1006F936C /* AmuseMenuView.xib in Resources */ = {isa = PBXBuildFile; fileRef = 786F0CD11F4BD3C1006F936C /* AmuseMenuView.xib */; };
		786F0CD51F4C1B4B006F936C /* AmuseMenuViewCell.swift in Sources */ = {isa = PBXBuildFile; fileRef = 786F0CD31F4C1B4B006F936C /* AmuseMenuViewCell.swift */; };
		786F0CD61F4C1B4B006F936C /* AmuseMenuViewCell.xib in Resources */ = {isa = PBXBuildFile; fileRef = 786F0CD41F4C1B4B006F936C /* AmuseMenuViewCell.xib */; };
		786F0CD81F4C2F10006F936C /* FunnyViewController.swift in Sources */ = {isa = PBXBuildFile; fileRef = 786F0CD71F4C2F10006F936C /* FunnyViewController.swift */; };
		786F0CDA1F4C34D8006F936C /* FunnyViewModel.swift in Sources */ = {isa = PBXBuildFile; fileRef = 786F0CD91F4C34D8006F936C /* FunnyViewModel.swift */; };
		78707BC41F3C5AA00029785F /* CollectionBaseCell.swift in Sources */ = {isa = PBXBuildFile; fileRef = 78707BC31F3C5AA00029785F /* CollectionBaseCell.swift */; };
		78707BC61F3C65280029785F /* RecommendCycleView.swift in Sources */ = {isa = PBXBuildFile; fileRef = 78707BC51F3C65280029785F /* RecommendCycleView.swift */; };
/* End PBXBuildFile section */

/* Begin PBXFileReference section */
		3F6C24362A97C78988063DFE /* Pods-DYTV.debug.xcconfig */ = {isa = PBXFileReference; includeInIndex = 1; lastKnownFileType = text.xcconfig; name = "Pods-DYTV.debug.xcconfig"; path = "Pods/Target Support Files/Pods-DYTV/Pods-DYTV.debug.xcconfig"; sourceTree = "<group>"; };
		781152B41F3EA0DC00771076 /* CollectionGameCell.swift */ = {isa = PBXFileReference; fileEncoding = 4; lastKnownFileType = sourcecode.swift; path = CollectionGameCell.swift; sourceTree = "<group>"; };
		781152B51F3EA0DC00771076 /* CollectionGameCell.xib */ = {isa = PBXFileReference; fileEncoding = 4; lastKnownFileType = file.xib; path = CollectionGameCell.xib; sourceTree = "<group>"; };
		781152B81F3EE8E700771076 /* GameViewController.swift */ = {isa = PBXFileReference; fileEncoding = 4; lastKnownFileType = sourcecode.swift; path = GameViewController.swift; sourceTree = "<group>"; };
		781152BA1F3EF8DE00771076 /* GameViewModel.swift */ = {isa = PBXFileReference; fileEncoding = 4; lastKnownFileType = sourcecode.swift; path = GameViewModel.swift; sourceTree = "<group>"; };
		781152BC1F3EFD2100771076 /* GameModel.swift */ = {isa = PBXFileReference; fileEncoding = 4; lastKnownFileType = sourcecode.swift; path = GameModel.swift; sourceTree = "<group>"; };
		781152BE1F3F00DC00771076 /* BaseGameModel.swift */ = {isa = PBXFileReference; fileEncoding = 4; lastKnownFileType = sourcecode.swift; path = BaseGameModel.swift; sourceTree = "<group>"; };
		78203E411F39B1CA00221E4C /* CollectionNomalCell.swift */ = {isa = PBXFileReference; fileEncoding = 4; lastKnownFileType = sourcecode.swift; path = CollectionNomalCell.swift; sourceTree = "<group>"; };
		78203E421F39B1CA00221E4C /* CollectionNomalCell.xib */ = {isa = PBXFileReference; fileEncoding = 4; lastKnownFileType = file.xib; path = CollectionNomalCell.xib; sourceTree = "<group>"; };
		783D25561F332A90001ABFF9 /* DYTV.app */ = {isa = PBXFileReference; explicitFileType = wrapper.application; includeInIndex = 0; path = DYTV.app; sourceTree = BUILT_PRODUCTS_DIR; };
		783D25591F332A90001ABFF9 /* AppDelegate.swift */ = {isa = PBXFileReference; lastKnownFileType = sourcecode.swift; path = AppDelegate.swift; sourceTree = "<group>"; };
		783D255E1F332A90001ABFF9 /* Base */ = {isa = PBXFileReference; lastKnownFileType = file.storyboard; name = Base; path = Base.lproj/Main.storyboard; sourceTree = "<group>"; };
		783D25601F332A90001ABFF9 /* Assets.xcassets */ = {isa = PBXFileReference; lastKnownFileType = folder.assetcatalog; path = Assets.xcassets; sourceTree = "<group>"; };
		783D25631F332A90001ABFF9 /* Base */ = {isa = PBXFileReference; lastKnownFileType = file.storyboard; name = Base; path = Base.lproj/LaunchScreen.storyboard; sourceTree = "<group>"; };
		783D25651F332A90001ABFF9 /* Info.plist */ = {isa = PBXFileReference; lastKnownFileType = text.plist.xml; path = Info.plist; sourceTree = "<group>"; };
		783D256B1F3403B8001ABFF9 /* Home.storyboard */ = {isa = PBXFileReference; fileEncoding = 4; lastKnownFileType = file.storyboard; path = Home.storyboard; sourceTree = "<group>"; };
		783D256E1F34043E001ABFF9 /* Base */ = {isa = PBXFileReference; lastKnownFileType = file.storyboard; name = Base; path = Base.lproj/Live.storyboard; sourceTree = "<group>"; };
		783D25701F340462001ABFF9 /* Follow.storyboard */ = {isa = PBXFileReference; fileEncoding = 4; lastKnownFileType = file.storyboard; path = Follow.storyboard; sourceTree = "<group>"; };
		783D25731F340486001ABFF9 /* Base */ = {isa = PBXFileReference; lastKnownFileType = file.storyboard; name = Base; path = Base.lproj/ProFile.storyboard; sourceTree = "<group>"; };
		783D257A1F341546001ABFF9 /* HomeViewController.swift */ = {isa = PBXFileReference; fileEncoding = 4; lastKnownFileType = sourcecode.swift; path = HomeViewController.swift; sourceTree = "<group>"; };
		783D257C1F3415AB001ABFF9 /* ViewController.swift */ = {isa = PBXFileReference; fileEncoding = 4; lastKnownFileType = sourcecode.swift; path = ViewController.swift; sourceTree = "<group>"; };
		783D257F1F3425BF001ABFF9 /* UIBarButtonItem.swift */ = {isa = PBXFileReference; fileEncoding = 4; lastKnownFileType = sourcecode.swift; path = UIBarButtonItem.swift; sourceTree = "<group>"; };
		783D25821F344F8A001ABFF9 /* PageTitleView.swift */ = {isa = PBXFileReference; fileEncoding = 4; lastKnownFileType = sourcecode.swift; path = PageTitleView.swift; sourceTree = "<group>"; };
		783D25841F3453D3001ABFF9 /* Common.swift */ = {isa = PBXFileReference; fileEncoding = 4; lastKnownFileType = sourcecode.swift; path = Common.swift; sourceTree = "<group>"; };
		78491D731F4D13BD00953E82 /* BaseViewController.swift */ = {isa = PBXFileReference; fileEncoding = 4; lastKnownFileType = sourcecode.swift; path = BaseViewController.swift; sourceTree = "<group>"; };
		7849DC9D1F37FB26008E7D75 /* PageContentView.swift */ = {isa = PBXFileReference; fileEncoding = 4; lastKnownFileType = sourcecode.swift; path = PageContentView.swift; sourceTree = "<group>"; };
		7849DC9F1F380BA3008E7D75 /* UIColor.swift */ = {isa = PBXFileReference; fileEncoding = 4; lastKnownFileType = sourcecode.swift; path = UIColor.swift; sourceTree = "<group>"; };
		7850317C1F42DCE3002CDF2B /* AmuseViewController.swift */ = {isa = PBXFileReference; fileEncoding = 4; lastKnownFileType = sourcecode.swift; path = AmuseViewController.swift; sourceTree = "<group>"; };
		7850317E1F42F1BA002CDF2B /* AmuseViewModel.swift */ = {isa = PBXFileReference; fileEncoding = 4; lastKnownFileType = sourcecode.swift; path = AmuseViewModel.swift; sourceTree = "<group>"; };
		785031801F43F2A2002CDF2B /* BaseViewModel.swift */ = {isa = PBXFileReference; fileEncoding = 4; lastKnownFileType = sourcecode.swift; path = BaseViewModel.swift; sourceTree = "<group>"; };
		785031821F442025002CDF2B /* BaseAnchorViewController.swift */ = {isa = PBXFileReference; fileEncoding = 4; lastKnownFileType = sourcecode.swift; path = BaseAnchorViewController.swift; sourceTree = "<group>"; };
		78510E561F3D39C800F93376 /* RecommendCycleView.xib */ = {isa = PBXFileReference; fileEncoding = 4; lastKnownFileType = file.xib; path = RecommendCycleView.xib; sourceTree = "<group>"; };
		78510E581F3D861F00F93376 /* CycleModel.swift */ = {isa = PBXFileReference; fileEncoding = 4; lastKnownFileType = sourcecode.swift; path = CycleModel.swift; sourceTree = "<group>"; };
		78510E5A1F3D8E2D00F93376 /* CollectionCycleCell.swift */ = {isa = PBXFileReference; fileEncoding = 4; lastKnownFileType = sourcecode.swift; path = CollectionCycleCell.swift; sourceTree = "<group>"; };
		78510E5B1F3D8E2D00F93376 /* CollectionCycleCell.xib */ = {isa = PBXFileReference; fileEncoding = 4; lastKnownFileType = file.xib; path = CollectionCycleCell.xib; sourceTree = "<group>"; };
		78510E5E1F3DB2BB00F93376 /* RecommendGameView.swift */ = {isa = PBXFileReference; fileEncoding = 4; lastKnownFileType = sourcecode.swift; path = RecommendGameView.swift; sourceTree = "<group>"; };
		78510E601F3DB32000F93376 /* RecommendGameView.xib */ = {isa = PBXFileReference; fileEncoding = 4; lastKnownFileType = file.xib; path = RecommendGameView.xib; sourceTree = "<group>"; };
		786405B21F3A952000A1DFC3 /* CollectionPrettyCell.swift */ = {isa = PBXFileReference; fileEncoding = 4; lastKnownFileType = sourcecode.swift; path = CollectionPrettyCell.swift; sourceTree = "<group>"; };
		786405B31F3A952000A1DFC3 /* CollectionPrettyCell.xib */ = {isa = PBXFileReference; fileEncoding = 4; lastKnownFileType = file.xib; path = CollectionPrettyCell.xib; sourceTree = "<group>"; };
		786405D61F3AE36500A1DFC3 /* NetworkTools.swift */ = {isa = PBXFileReference; fileEncoding = 4; lastKnownFileType = sourcecode.swift; path = NetworkTools.swift; sourceTree = "<group>"; };
		786405D81F3AE7E900A1DFC3 /* RecommendViewModel.swift */ = {isa = PBXFileReference; fileEncoding = 4; lastKnownFileType = sourcecode.swift; path = RecommendViewModel.swift; sourceTree = "<group>"; };
		786405DB1F3AF87D00A1DFC3 /* NSDate-Extension.swift */ = {isa = PBXFileReference; fileEncoding = 4; lastKnownFileType = sourcecode.swift; path = "NSDate-Extension.swift"; sourceTree = "<group>"; };
		786405DD1F3B012E00A1DFC3 /* AnchorGroup.swift */ = {isa = PBXFileReference; fileEncoding = 4; lastKnownFileType = sourcecode.swift; path = AnchorGroup.swift; sourceTree = "<group>"; };
		786405E01F3B046D00A1DFC3 /* AnchorModel.swift */ = {isa = PBXFileReference; fileEncoding = 4; lastKnownFileType = sourcecode.swift; path = AnchorModel.swift; sourceTree = "<group>"; };
		78683EBA1F3957F70098A8B8 /* RecommendViewController.swift */ = {isa = PBXFileReference; fileEncoding = 4; lastKnownFileType = sourcecode.swift; path = RecommendViewController.swift; sourceTree = "<group>"; };
		78683EBC1F396A020098A8B8 /* CollectionHeaderView.swift */ = {isa = PBXFileReference; fileEncoding = 4; lastKnownFileType = sourcecode.swift; path = CollectionHeaderView.swift; sourceTree = "<group>"; };
		78683EBD1F396A020098A8B8 /* CollectionHeaderView.xib */ = {isa = PBXFileReference; fileEncoding = 4; lastKnownFileType = file.xib; path = CollectionHeaderView.xib; sourceTree = "<group>"; };
		786F0CCF1F4BD38D006F936C /* AmuseMenuView.swift */ = {isa = PBXFileReference; fileEncoding = 4; lastKnownFileType = sourcecode.swift; path = AmuseMenuView.swift; sourceTree = "<group>"; };
		786F0CD11F4BD3C1006F936C /* AmuseMenuView.xib */ = {isa = PBXFileReference; fileEncoding = 4; lastKnownFileType = file.xib; path = AmuseMenuView.xib; sourceTree = "<group>"; };
		786F0CD31F4C1B4B006F936C /* AmuseMenuViewCell.swift */ = {isa = PBXFileReference; fileEncoding = 4; lastKnownFileType = sourcecode.swift; path = AmuseMenuViewCell.swift; sourceTree = "<group>"; };
		786F0CD41F4C1B4B006F936C /* AmuseMenuViewCell.xib */ = {isa = PBXFileReference; fileEncoding = 4; lastKnownFileType = file.xib; path = AmuseMenuViewCell.xib; sourceTree = "<group>"; };
		786F0CD71F4C2F10006F936C /* FunnyViewController.swift */ = {isa = PBXFileReference; fileEncoding = 4; lastKnownFileType = sourcecode.swift; path = FunnyViewController.swift; sourceTree = "<group>"; };
		786F0CD91F4C34D8006F936C /* FunnyViewModel.swift */ = {isa = PBXFileReference; fileEncoding = 4; lastKnownFileType = sourcecode.swift; path = FunnyViewModel.swift; sourceTree = "<group>"; };
		78707BC31F3C5AA00029785F /* CollectionBaseCell.swift */ = {isa = PBXFileReference; fileEncoding = 4; lastKnownFileType = sourcecode.swift; path = CollectionBaseCell.swift; sourceTree = "<group>"; };
		78707BC51F3C65280029785F /* RecommendCycleView.swift */ = {isa = PBXFileReference; fileEncoding = 4; lastKnownFileType = sourcecode.swift; path = RecommendCycleView.swift; sourceTree = "<group>"; };
		8F69B01D21D52D9746FC81C1 /* Pods_DYTV.framework */ = {isa = PBXFileReference; explicitFileType = wrapper.framework; includeInIndex = 0; path = Pods_DYTV.framework; sourceTree = BUILT_PRODUCTS_DIR; };
		BC9B539C8FE84BDEDEBA9787 /* Pods-DYTV.release.xcconfig */ = {isa = PBXFileReference; includeInIndex = 1; lastKnownFileType = text.xcconfig; name = "Pods-DYTV.release.xcconfig"; path = "Pods/Target Support Files/Pods-DYTV/Pods-DYTV.release.xcconfig"; sourceTree = "<group>"; };
/* End PBXFileReference section */

/* Begin PBXFrameworksBuildPhase section */
		783D25531F332A90001ABFF9 /* Frameworks */ = {
			isa = PBXFrameworksBuildPhase;
			buildActionMask = 2147483647;
			files = (
				575B1A2AA092884CED480691 /* Pods_DYTV.framework in Frameworks */,
			);
			runOnlyForDeploymentPostprocessing = 0;
		};
/* End PBXFrameworksBuildPhase section */

/* Begin PBXGroup section */
		78203E3F1F39B09500221E4C /* C */ = {
			isa = PBXGroup;
			children = (
				78683EBA1F3957F70098A8B8 /* RecommendViewController.swift */,
				785031821F442025002CDF2B /* BaseAnchorViewController.swift */,
				7850317C1F42DCE3002CDF2B /* AmuseViewController.swift */,
				78491D731F4D13BD00953E82 /* BaseViewController.swift */,
				786F0CD71F4C2F10006F936C /* FunnyViewController.swift */,
				781152B81F3EE8E700771076 /* GameViewController.swift */,
				783D257A1F341546001ABFF9 /* HomeViewController.swift */,
			);
			name = C;
			sourceTree = "<group>";
		};
		78203E401F39B0CB00221E4C /* V */ = {
			isa = PBXGroup;
			children = (
				781152B41F3EA0DC00771076 /* CollectionGameCell.swift */,
				781152B51F3EA0DC00771076 /* CollectionGameCell.xib */,
				78510E5E1F3DB2BB00F93376 /* RecommendGameView.swift */,
				78510E601F3DB32000F93376 /* RecommendGameView.xib */,
				78707BC51F3C65280029785F /* RecommendCycleView.swift */,
				78510E561F3D39C800F93376 /* RecommendCycleView.xib */,
				78510E5A1F3D8E2D00F93376 /* CollectionCycleCell.swift */,
				78510E5B1F3D8E2D00F93376 /* CollectionCycleCell.xib */,
				786405B21F3A952000A1DFC3 /* CollectionPrettyCell.swift */,
				786405B31F3A952000A1DFC3 /* CollectionPrettyCell.xib */,
				78683EBC1F396A020098A8B8 /* CollectionHeaderView.swift */,
				78683EBD1F396A020098A8B8 /* CollectionHeaderView.xib */,
				78203E411F39B1CA00221E4C /* CollectionNomalCell.swift */,
				78203E421F39B1CA00221E4C /* CollectionNomalCell.xib */,
				78707BC31F3C5AA00029785F /* CollectionBaseCell.swift */,
				786F0CCF1F4BD38D006F936C /* AmuseMenuView.swift */,
				786F0CD11F4BD3C1006F936C /* AmuseMenuView.xib */,
				786F0CD31F4C1B4B006F936C /* AmuseMenuViewCell.swift */,
				786F0CD41F4C1B4B006F936C /* AmuseMenuViewCell.xib */,
			);
			name = V;
			sourceTree = "<group>";
		};
		783D254D1F332A90001ABFF9 = {
			isa = PBXGroup;
			children = (
				783D25581F332A90001ABFF9 /* DYTV */,
				783D25571F332A90001ABFF9 /* Products */,
				DDD92A336344993378D6A9AC /* Pods */,
				A08BA2CA9663B93938FA6D72 /* Frameworks */,
			);
			sourceTree = "<group>";
		};
		783D25571F332A90001ABFF9 /* Products */ = {
			isa = PBXGroup;
			children = (
				783D25561F332A90001ABFF9 /* DYTV.app */,
			);
			name = Products;
			sourceTree = "<group>";
		};
		783D25581F332A90001ABFF9 /* DYTV */ = {
			isa = PBXGroup;
			children = (
				783D25591F332A90001ABFF9 /* AppDelegate.swift */,
				783D255D1F332A90001ABFF9 /* Main.storyboard */,
				7849DC9D1F37FB26008E7D75 /* PageContentView.swift */,
				783D257C1F3415AB001ABFF9 /* ViewController.swift */,
				786405DF1F3B013800A1DFC3 /* M */,
				786405DA1F3AE7FA00A1DFC3 /* VM */,
				78203E3F1F39B09500221E4C /* C */,
				78203E401F39B0CB00221E4C /* V */,
				783D257E1F34255E001ABFF9 /* Tools */,
				783D25751F3404A3001ABFF9 /* New Group */,
				783D25601F332A90001ABFF9 /* Assets.xcassets */,
				783D25621F332A90001ABFF9 /* LaunchScreen.storyboard */,
				783D25651F332A90001ABFF9 /* Info.plist */,
			);
			path = DYTV;
			sourceTree = "<group>";
		};
		783D25751F3404A3001ABFF9 /* New Group */ = {
			isa = PBXGroup;
			children = (
				783D25721F340486001ABFF9 /* ProFile.storyboard */,
				783D25701F340462001ABFF9 /* Follow.storyboard */,
				783D256D1F34043E001ABFF9 /* Live.storyboard */,
				783D256B1F3403B8001ABFF9 /* Home.storyboard */,
			);
			name = "New Group";
			sourceTree = "<group>";
		};
		783D257E1F34255E001ABFF9 /* Tools */ = {
			isa = PBXGroup;
			children = (
				786405D61F3AE36500A1DFC3 /* NetworkTools.swift */,
				783D257F1F3425BF001ABFF9 /* UIBarButtonItem.swift */,
				7849DC9F1F380BA3008E7D75 /* UIColor.swift */,
				783D25841F3453D3001ABFF9 /* Common.swift */,
				783D25821F344F8A001ABFF9 /* PageTitleView.swift */,
				786405DB1F3AF87D00A1DFC3 /* NSDate-Extension.swift */,
			);
			name = Tools;
			sourceTree = "<group>";
		};
		786405DA1F3AE7FA00A1DFC3 /* VM */ = {
			isa = PBXGroup;
			children = (
				786405D81F3AE7E900A1DFC3 /* RecommendViewModel.swift */,
				786F0CD91F4C34D8006F936C /* FunnyViewModel.swift */,
				7850317E1F42F1BA002CDF2B /* AmuseViewModel.swift */,
				785031801F43F2A2002CDF2B /* BaseViewModel.swift */,
				781152BA1F3EF8DE00771076 /* GameViewModel.swift */,
			);
			name = VM;
			sourceTree = "<group>";
		};
		786405DF1F3B013800A1DFC3 /* M */ = {
			isa = PBXGroup;
			children = (
				786405DD1F3B012E00A1DFC3 /* AnchorGroup.swift */,
				781152BE1F3F00DC00771076 /* BaseGameModel.swift */,
				781152BC1F3EFD2100771076 /* GameModel.swift */,
				78510E581F3D861F00F93376 /* CycleModel.swift */,
				786405E01F3B046D00A1DFC3 /* AnchorModel.swift */,
			);
			name = M;
			sourceTree = "<group>";
		};
		A08BA2CA9663B93938FA6D72 /* Frameworks */ = {
			isa = PBXGroup;
			children = (
				8F69B01D21D52D9746FC81C1 /* Pods_DYTV.framework */,
			);
			name = Frameworks;
			sourceTree = "<group>";
		};
		DDD92A336344993378D6A9AC /* Pods */ = {
			isa = PBXGroup;
			children = (
				3F6C24362A97C78988063DFE /* Pods-DYTV.debug.xcconfig */,
				BC9B539C8FE84BDEDEBA9787 /* Pods-DYTV.release.xcconfig */,
			);
			name = Pods;
			sourceTree = "<group>";
		};
/* End PBXGroup section */

/* Begin PBXNativeTarget section */
		783D25551F332A90001ABFF9 /* DYTV */ = {
			isa = PBXNativeTarget;
			buildConfigurationList = 783D25681F332A90001ABFF9 /* Build configuration list for PBXNativeTarget "DYTV" */;
			buildPhases = (
				9CAC460166702E65952EEAA9 /* [CP] Check Pods Manifest.lock */,
				783D25521F332A90001ABFF9 /* Sources */,
				783D25531F332A90001ABFF9 /* Frameworks */,
				783D25541F332A90001ABFF9 /* Resources */,
				4EF86DCD16474BE5B029F2BB /* [CP] Embed Pods Frameworks */,
				002A2C3CFA770F1DAAA808B0 /* [CP] Copy Pods Resources */,
			);
			buildRules = (
			);
			dependencies = (
			);
			name = DYTV;
			productName = DYTV;
			productReference = 783D25561F332A90001ABFF9 /* DYTV.app */;
			productType = "com.apple.product-type.application";
		};
/* End PBXNativeTarget section */

/* Begin PBXProject section */
		783D254E1F332A90001ABFF9 /* Project object */ = {
			isa = PBXProject;
			attributes = {
				LastSwiftUpdateCheck = 0830;
				LastUpgradeCheck = 0830;
				ORGANIZATIONNAME = idea;
				TargetAttributes = {
					783D25551F332A90001ABFF9 = {
						CreatedOnToolsVersion = 8.3.3;
						ProvisioningStyle = Automatic;
					};
				};
			};
			buildConfigurationList = 783D25511F332A90001ABFF9 /* Build configuration list for PBXProject "DYTV" */;
			compatibilityVersion = "Xcode 3.2";
			developmentRegion = English;
			hasScannedForEncodings = 0;
			knownRegions = (
				en,
				Base,
			);
			mainGroup = 783D254D1F332A90001ABFF9;
			productRefGroup = 783D25571F332A90001ABFF9 /* Products */;
			projectDirPath = "";
			projectRoot = "";
			targets = (
				783D25551F332A90001ABFF9 /* DYTV */,
			);
		};
/* End PBXProject section */

/* Begin PBXResourcesBuildPhase section */
		783D25541F332A90001ABFF9 /* Resources */ = {
			isa = PBXResourcesBuildPhase;
			buildActionMask = 2147483647;
			files = (
				78203E441F39B1CA00221E4C /* CollectionNomalCell.xib in Resources */,
				786F0CD61F4C1B4B006F936C /* AmuseMenuViewCell.xib in Resources */,
				78510E5D1F3D8E2D00F93376 /* CollectionCycleCell.xib in Resources */,
				783D25641F332A90001ABFF9 /* LaunchScreen.storyboard in Resources */,
				78683EBF1F396A020098A8B8 /* CollectionHeaderView.xib in Resources */,
				783D25611F332A90001ABFF9 /* Assets.xcassets in Resources */,
				783D255F1F332A90001ABFF9 /* Main.storyboard in Resources */,
				783D256F1F34043E001ABFF9 /* Live.storyboard in Resources */,
				781152B71F3EA0DC00771076 /* CollectionGameCell.xib in Resources */,
				786F0CD21F4BD3C1006F936C /* AmuseMenuView.xib in Resources */,
				783D25741F340486001ABFF9 /* ProFile.storyboard in Resources */,
				78510E571F3D39C800F93376 /* RecommendCycleView.xib in Resources */,
				786405B51F3A952000A1DFC3 /* CollectionPrettyCell.xib in Resources */,
				783D256C1F3403B8001ABFF9 /* Home.storyboard in Resources */,
				78510E611F3DB32000F93376 /* RecommendGameView.xib in Resources */,
				783D25711F340462001ABFF9 /* Follow.storyboard in Resources */,
			);
			runOnlyForDeploymentPostprocessing = 0;
		};
/* End PBXResourcesBuildPhase section */

/* Begin PBXShellScriptBuildPhase section */
		002A2C3CFA770F1DAAA808B0 /* [CP] Copy Pods Resources */ = {
			isa = PBXShellScriptBuildPhase;
			buildActionMask = 2147483647;
			files = (
			);
			inputPaths = (
			);
			name = "[CP] Copy Pods Resources";
			outputPaths = (
			);
			runOnlyForDeploymentPostprocessing = 0;
			shellPath = /bin/sh;
			shellScript = "\"${SRCROOT}/Pods/Target Support Files/Pods-DYTV/Pods-DYTV-resources.sh\"\n";
			showEnvVarsInLog = 0;
		};
		4EF86DCD16474BE5B029F2BB /* [CP] Embed Pods Frameworks */ = {
			isa = PBXShellScriptBuildPhase;
			buildActionMask = 2147483647;
			files = (
			);
			inputPaths = (
			);
			name = "[CP] Embed Pods Frameworks";
			outputPaths = (
			);
			runOnlyForDeploymentPostprocessing = 0;
			shellPath = /bin/sh;
			shellScript = "\"${SRCROOT}/Pods/Target Support Files/Pods-DYTV/Pods-DYTV-frameworks.sh\"\n";
			showEnvVarsInLog = 0;
		};
		9CAC460166702E65952EEAA9 /* [CP] Check Pods Manifest.lock */ = {
			isa = PBXShellScriptBuildPhase;
			buildActionMask = 2147483647;
			files = (
			);
			inputPaths = (
			);
			name = "[CP] Check Pods Manifest.lock";
			outputPaths = (
			);
			runOnlyForDeploymentPostprocessing = 0;
			shellPath = /bin/sh;
			shellScript = "diff \"${PODS_PODFILE_DIR_PATH}/Podfile.lock\" \"${PODS_ROOT}/Manifest.lock\" > /dev/null\nif [ $? != 0 ] ; then\n    # print error to STDERR\n    echo \"error: The sandbox is not in sync with the Podfile.lock. Run 'pod install' or update your CocoaPods installation.\" >&2\n    exit 1\nfi\n";
			showEnvVarsInLog = 0;
		};
/* End PBXShellScriptBuildPhase section */

/* Begin PBXSourcesBuildPhase section */
		783D25521F332A90001ABFF9 /* Sources */ = {
			isa = PBXSourcesBuildPhase;
			buildActionMask = 2147483647;
			files = (
				78707BC61F3C65280029785F /* RecommendCycleView.swift in Sources */,
				783D25831F344F8A001ABFF9 /* PageTitleView.swift in Sources */,
				7850317F1F42F1BA002CDF2B /* AmuseViewModel.swift in Sources */,
				78683EBE1F396A020098A8B8 /* CollectionHeaderView.swift in Sources */,
				781152BB1F3EF8DE00771076 /* GameViewModel.swift in Sources */,
				78491D741F4D13BD00953E82 /* BaseViewController.swift in Sources */,
				78203E431F39B1CA00221E4C /* CollectionNomalCell.swift in Sources */,
				785031831F442025002CDF2B /* BaseAnchorViewController.swift in Sources */,
				781152B91F3EE8E700771076 /* GameViewController.swift in Sources */,
				783D25801F3425BF001ABFF9 /* UIBarButtonItem.swift in Sources */,
				786405DE1F3B012E00A1DFC3 /* AnchorGroup.swift in Sources */,
				786F0CD51F4C1B4B006F936C /* AmuseMenuViewCell.swift in Sources */,
				786F0CD81F4C2F10006F936C /* FunnyViewController.swift in Sources */,
				78683EBB1F3957F70098A8B8 /* RecommendViewController.swift in Sources */,
				783D255A1F332A90001ABFF9 /* AppDelegate.swift in Sources */,
				785031811F43F2A2002CDF2B /* BaseViewModel.swift in Sources */,
				78510E591F3D861F00F93376 /* CycleModel.swift in Sources */,
				781152BD1F3EFD2100771076 /* GameModel.swift in Sources */,
				786F0CDA1F4C34D8006F936C /* FunnyViewModel.swift in Sources */,
				781152BF1F3F00DC00771076 /* BaseGameModel.swift in Sources */,
				7849DC9E1F37FB26008E7D75 /* PageContentView.swift in Sources */,
				7850317D1F42DCE3002CDF2B /* AmuseViewController.swift in Sources */,
				783D257D1F3415AB001ABFF9 /* ViewController.swift in Sources */,
				78510E5C1F3D8E2D00F93376 /* CollectionCycleCell.swift in Sources */,
				7849DCA01F380BA3008E7D75 /* UIColor.swift in Sources */,
				78510E5F1F3DB2BB00F93376 /* RecommendGameView.swift in Sources */,
				786405B41F3A952000A1DFC3 /* CollectionPrettyCell.swift in Sources */,
				786405DC1F3AF87D00A1DFC3 /* NSDate-Extension.swift in Sources */,
				78707BC41F3C5AA00029785F /* CollectionBaseCell.swift in Sources */,
				786F0CD01F4BD38D006F936C /* AmuseMenuView.swift in Sources */,
				783D257B1F341546001ABFF9 /* HomeViewController.swift in Sources */,
				781152B61F3EA0DC00771076 /* CollectionGameCell.swift in Sources */,
				786405D71F3AE36500A1DFC3 /* NetworkTools.swift in Sources */,
				783D25851F3453D3001ABFF9 /* Common.swift in Sources */,
				786405D91F3AE7E900A1DFC3 /* RecommendViewModel.swift in Sources */,
				786405E11F3B046D00A1DFC3 /* AnchorModel.swift in Sources */,
			);
			runOnlyForDeploymentPostprocessing = 0;
		};
/* End PBXSourcesBuildPhase section */

/* Begin PBXVariantGroup section */
		783D255D1F332A90001ABFF9 /* Main.storyboard */ = {
			isa = PBXVariantGroup;
			children = (
				783D255E1F332A90001ABFF9 /* Base */,
			);
			name = Main.storyboard;
			sourceTree = "<group>";
		};
		783D25621F332A90001ABFF9 /* LaunchScreen.storyboard */ = {
			isa = PBXVariantGroup;
			children = (
				783D25631F332A90001ABFF9 /* Base */,
			);
			name = LaunchScreen.storyboard;
			sourceTree = "<group>";
		};
		783D256D1F34043E001ABFF9 /* Live.storyboard */ = {
			isa = PBXVariantGroup;
			children = (
				783D256E1F34043E001ABFF9 /* Base */,
			);
			name = Live.storyboard;
			sourceTree = "<group>";
		};
		783D25721F340486001ABFF9 /* ProFile.storyboard */ = {
			isa = PBXVariantGroup;
			children = (
				783D25731F340486001ABFF9 /* Base */,
			);
			name = ProFile.storyboard;
			sourceTree = "<group>";
		};
/* End PBXVariantGroup section */

/* Begin XCBuildConfiguration section */
		783D25661F332A90001ABFF9 /* Debug */ = {
			isa = XCBuildConfiguration;
			buildSettings = {
				ALWAYS_SEARCH_USER_PATHS = NO;
				CLANG_ANALYZER_NONNULL = YES;
				CLANG_ANALYZER_NUMBER_OBJECT_CONVERSION = YES_AGGRESSIVE;
				CLANG_CXX_LANGUAGE_STANDARD = "gnu++0x";
				CLANG_CXX_LIBRARY = "libc++";
				CLANG_ENABLE_MODULES = YES;
				CLANG_ENABLE_OBJC_ARC = YES;
				CLANG_WARN_BOOL_CONVERSION = YES;
				CLANG_WARN_CONSTANT_CONVERSION = YES;
				CLANG_WARN_DIRECT_OBJC_ISA_USAGE = YES_ERROR;
				CLANG_WARN_DOCUMENTATION_COMMENTS = YES;
				CLANG_WARN_EMPTY_BODY = YES;
				CLANG_WARN_ENUM_CONVERSION = YES;
				CLANG_WARN_INFINITE_RECURSION = YES;
				CLANG_WARN_INT_CONVERSION = YES;
				CLANG_WARN_OBJC_ROOT_CLASS = YES_ERROR;
				CLANG_WARN_SUSPICIOUS_MOVE = YES;
				CLANG_WARN_UNREACHABLE_CODE = YES;
				CLANG_WARN__DUPLICATE_METHOD_MATCH = YES;
				"CODE_SIGN_IDENTITY[sdk=iphoneos*]" = "iPhone Developer";
				COPY_PHASE_STRIP = NO;
				DEBUG_INFORMATION_FORMAT = dwarf;
				ENABLE_STRICT_OBJC_MSGSEND = YES;
				ENABLE_TESTABILITY = YES;
				GCC_C_LANGUAGE_STANDARD = gnu99;
				GCC_DYNAMIC_NO_PIC = NO;
				GCC_NO_COMMON_BLOCKS = YES;
				GCC_OPTIMIZATION_LEVEL = 0;
				GCC_PREPROCESSOR_DEFINITIONS = (
					"DEBUG=1",
					"$(inherited)",
				);
				GCC_WARN_64_TO_32_BIT_CONVERSION = YES;
				GCC_WARN_ABOUT_RETURN_TYPE = YES_ERROR;
				GCC_WARN_UNDECLARED_SELECTOR = YES;
				GCC_WARN_UNINITIALIZED_AUTOS = YES_AGGRESSIVE;
				GCC_WARN_UNUSED_FUNCTION = YES;
				GCC_WARN_UNUSED_VARIABLE = YES;
				IPHONEOS_DEPLOYMENT_TARGET = 10.3;
				MTL_ENABLE_DEBUG_INFO = YES;
				ONLY_ACTIVE_ARCH = YES;
				SDKROOT = iphoneos;
				SWIFT_ACTIVE_COMPILATION_CONDITIONS = DEBUG;
				SWIFT_OPTIMIZATION_LEVEL = "-Onone";
			};
			name = Debug;
		};
		783D25671F332A90001ABFF9 /* Release */ = {
			isa = XCBuildConfiguration;
			buildSettings = {
				ALWAYS_SEARCH_USER_PATHS = NO;
				CLANG_ANALYZER_NONNULL = YES;
				CLANG_ANALYZER_NUMBER_OBJECT_CONVERSION = YES_AGGRESSIVE;
				CLANG_CXX_LANGUAGE_STANDARD = "gnu++0x";
				CLANG_CXX_LIBRARY = "libc++";
				CLANG_ENABLE_MODULES = YES;
				CLANG_ENABLE_OBJC_ARC = YES;
				CLANG_WARN_BOOL_CONVERSION = YES;
				CLANG_WARN_CONSTANT_CONVERSION = YES;
				CLANG_WARN_DIRECT_OBJC_ISA_USAGE = YES_ERROR;
				CLANG_WARN_DOCUMENTATION_COMMENTS = YES;
				CLANG_WARN_EMPTY_BODY = YES;
				CLANG_WARN_ENUM_CONVERSION = YES;
				CLANG_WARN_INFINITE_RECURSION = YES;
				CLANG_WARN_INT_CONVERSION = YES;
				CLANG_WARN_OBJC_ROOT_CLASS = YES_ERROR;
				CLANG_WARN_SUSPICIOUS_MOVE = YES;
				CLANG_WARN_UNREACHABLE_CODE = YES;
				CLANG_WARN__DUPLICATE_METHOD_MATCH = YES;
				"CODE_SIGN_IDENTITY[sdk=iphoneos*]" = "iPhone Developer";
				COPY_PHASE_STRIP = NO;
				DEBUG_INFORMATION_FORMAT = "dwarf-with-dsym";
				ENABLE_NS_ASSERTIONS = NO;
				ENABLE_STRICT_OBJC_MSGSEND = YES;
				GCC_C_LANGUAGE_STANDARD = gnu99;
				GCC_NO_COMMON_BLOCKS = YES;
				GCC_WARN_64_TO_32_BIT_CONVERSION = YES;
				GCC_WARN_ABOUT_RETURN_TYPE = YES_ERROR;
				GCC_WARN_UNDECLARED_SELECTOR = YES;
				GCC_WARN_UNINITIALIZED_AUTOS = YES_AGGRESSIVE;
				GCC_WARN_UNUSED_FUNCTION = YES;
				GCC_WARN_UNUSED_VARIABLE = YES;
				IPHONEOS_DEPLOYMENT_TARGET = 10.3;
				MTL_ENABLE_DEBUG_INFO = NO;
				SDKROOT = iphoneos;
				SWIFT_OPTIMIZATION_LEVEL = "-Owholemodule";
				VALIDATE_PRODUCT = YES;
			};
			name = Release;
		};
		783D25691F332A90001ABFF9 /* Debug */ = {
			isa = XCBuildConfiguration;
			baseConfigurationReference = 3F6C24362A97C78988063DFE /* Pods-DYTV.debug.xcconfig */;
			buildSettings = {
				ASSETCATALOG_COMPILER_APPICON_NAME = AppIcon;
				ASSETCATALOG_COMPILER_LAUNCHIMAGE_NAME = LaunchImage;
				INFOPLIST_FILE = DYTV/Info.plist;
				LD_RUNPATH_SEARCH_PATHS = "$(inherited) @executable_path/Frameworks";
				PRODUCT_BUNDLE_IDENTIFIER = com.day.DYTV;
				PRODUCT_NAME = "$(TARGET_NAME)";
				SWIFT_VERSION = 3.0;
			};
			name = Debug;
		};
		783D256A1F332A90001ABFF9 /* Release */ = {
			isa = XCBuildConfiguration;
			baseConfigurationReference = BC9B539C8FE84BDEDEBA9787 /* Pods-DYTV.release.xcconfig */;
			buildSettings = {
				ASSETCATALOG_COMPILER_APPICON_NAME = AppIcon;
				ASSETCATALOG_COMPILER_LAUNCHIMAGE_NAME = LaunchImage;
				INFOPLIST_FILE = DYTV/Info.plist;
				LD_RUNPATH_SEARCH_PATHS = "$(inherited) @executable_path/Frameworks";
				PRODUCT_BUNDLE_IDENTIFIER = com.day.DYTV;
				PRODUCT_NAME = "$(TARGET_NAME)";
				SWIFT_VERSION = 3.0;
			};
			name = Release;
		};
/* End XCBuildConfiguration section */

/* Begin XCConfigurationList section */
		783D25511F332A90001ABFF9 /* Build configuration list for PBXProject "DYTV" */ = {
			isa = XCConfigurationList;
			buildConfigurations = (
				783D25661F332A90001ABFF9 /* Debug */,
				783D25671F332A90001ABFF9 /* Release */,
			);
			defaultConfigurationIsVisible = 0;
			defaultConfigurationName = Release;
		};
		783D25681F332A90001ABFF9 /* Build configuration list for PBXNativeTarget "DYTV" */ = {
			isa = XCConfigurationList;
			buildConfigurations = (
				783D25691F332A90001ABFF9 /* Debug */,
				783D256A1F332A90001ABFF9 /* Release */,
			);
			defaultConfigurationIsVisible = 0;
			defaultConfigurationName = Release;
		};
/* End XCConfigurationList section */
	};
	rootObject = 783D254E1F332A90001ABFF9 /* Project object */;
}
